
Microsoft Visual Studio Solution File, Format Version 12.00
# Visual Studio 15
VisualStudioVersion = 15.0.28307.421
MinimumVisualStudioVersion = 10.0.40219.1
Project("{FAE04EC0-301F-11D3-BF4B-00C04F79EFBC}") = "ATMoviess.Android", "ATMoviess\ATMoviess.Android\ATMoviess.Android.csproj", "{76E2CF48-8B03-4EFA-B5BE-6E14A4EFE6FA}"
EndProject
Project("{FAE04EC0-301F-11D3-BF4B-00C04F79EFBC}") = "ATMoviess.iOS", "ATMoviess\ATMoviess.iOS\ATMoviess.iOS.csproj", "{4540911F-9F37-47AE-8C5E-2502BCD93BE9}"
EndProject
Project("{FAE04EC0-301F-11D3-BF4B-00C04F79EFBC}") = "ATMoviess", "ATMoviess\ATMoviess\ATMoviess.csproj", "{308D5F2D-3946-4394-854C-617736266DCF}"
EndProject
Global
	GlobalSection(SolutionConfigurationPlatforms) = preSolution
		Ad-Hoc|Any CPU = Ad-Hoc|Any CPU
		Ad-Hoc|iPhone = Ad-Hoc|iPhone
		Ad-Hoc|iPhoneSimulator = Ad-Hoc|iPhoneSimulator
		AppStore|Any CPU = AppStore|Any CPU
		AppStore|iPhone = AppStore|iPhone
		AppStore|iPhoneSimulator = AppStore|iPhoneSimulator
		Debug|Any CPU = Debug|Any CPU
		Debug|iPhone = Debug|iPhone
		Debug|iPhoneSimulator = Debug|iPhoneSimulator
		Release|Any CPU = Release|Any CPU
		Release|iPhone = Release|iPhone
		Release|iPhoneSimulator = Release|iPhoneSimulator
	EndGlobalSection
	GlobalSection(ProjectConfigurationPlatforms) = postSolution
		{76E2CF48-8B03-4EFA-B5BE-6E14A4EFE6FA}.Ad-Hoc|Any CPU.ActiveCfg = Release|Any CPU
		{76E2CF48-8B03-4EFA-B5BE-6E14A4EFE6FA}.Ad-Hoc|Any CPU.Build.0 = Release|Any CPU
		{76E2CF48-8B03-4EFA-B5BE-6E14A4EFE6FA}.Ad-Hoc|Any CPU.Deploy.0 = Release|Any CPU
		{76E2CF48-8B03-4EFA-B5BE-6E14A4EFE6FA}.Ad-Hoc|iPhone.ActiveCfg = Release|Any CPU
		{76E2CF48-8B03-4EFA-B5BE-6E14A4EFE6FA}.Ad-Hoc|iPhone.Build.0 = Release|Any CPU
		{76E2CF48-8B03-4EFA-B5BE-6E14A4EFE6FA}.Ad-Hoc|iPhone.Deploy.0 = Release|Any CPU
		{76E2CF48-8B03-4EFA-B5BE-6E14A4EFE6FA}.Ad-Hoc|iPhoneSimulator.ActiveCfg = Release|Any CPU
		{76E2CF48-8B03-4EFA-B5BE-6E14A4EFE6FA}.Ad-Hoc|iPhoneSimulator.Build.0 = Release|Any CPU
		{76E2CF48-8B03-4EFA-B5BE-6E14A4EFE6FA}.Ad-Hoc|iPhoneSimulator.Deploy.0 = Release|Any CPU
		{76E2CF48-8B03-4EFA-B5BE-6E14A4EFE6FA}.AppStore|Any CPU.ActiveCfg = Release|Any CPU
		{76E2CF48-8B03-4EFA-B5BE-6E14A4EFE6FA}.AppStore|Any CPU.Build.0 = Release|Any CPU
		{76E2CF48-8B03-4EFA-B5BE-6E14A4EFE6FA}.AppStore|Any CPU.Deploy.0 = Release|Any CPU
		{76E2CF48-8B03-4EFA-B5BE-6E14A4EFE6FA}.AppStore|iPhone.ActiveCfg = Release|Any CPU
		{76E2CF48-8B03-4EFA-B5BE-6E14A4EFE6FA}.AppStore|iPhone.Build.0 = Release|Any CPU
		{76E2CF48-8B03-4EFA-B5BE-6E14A4EFE6FA}.AppStore|iPhone.Deploy.0 = Release|Any CPU
		{76E2CF48-8B03-4EFA-B5BE-6E14A4EFE6FA}.AppStore|iPhoneSimulator.ActiveCfg = Release|Any CPU
		{76E2CF48-8B03-4EFA-B5BE-6E14A4EFE6FA}.AppStore|iPhoneSimulator.Build.0 = Release|Any CPU
		{76E2CF48-8B03-4EFA-B5BE-6E14A4EFE6FA}.AppStore|iPhoneSimulator.Deploy.0 = Release|Any CPU
		{76E2CF48-8B03-4EFA-B5BE-6E14A4EFE6FA}.Debug|Any CPU.ActiveCfg = Debug|Any CPU
		{76E2CF48-8B03-4EFA-B5BE-6E14A4EFE6FA}.Debug|Any CPU.Build.0 = Debug|Any CPU
		{76E2CF48-8B03-4EFA-B5BE-6E14A4EFE6FA}.Debug|Any CPU.Deploy.0 = Debug|Any CPU
		{76E2CF48-8B03-4EFA-B5BE-6E14A4EFE6FA}.Debug|iPhone.ActiveCfg = Debug|Any CPU
		{76E2CF48-8B03-4EFA-B5BE-6E14A4EFE6FA}.Debug|iPhone.Build.0 = Debug|Any CPU
		{76E2CF48-8B03-4EFA-B5BE-6E14A4EFE6FA}.Debug|iPhone.Deploy.0 = Debug|Any CPU
		{76E2CF48-8B03-4EFA-B5BE-6E14A4EFE6FA}.Debug|iPhoneSimulator.ActiveCfg = Debug|Any CPU
		{76E2CF48-8B03-4EFA-B5BE-6E14A4EFE6FA}.Debug|iPhoneSimulator.Build.0 = Debug|Any CPU
		{76E2CF48-8B03-4EFA-B5BE-6E14A4EFE6FA}.Debug|iPhoneSimulator.Deploy.0 = Debug|Any CPU
		{76E2CF48-8B03-4EFA-B5BE-6E14A4EFE6FA}.Release|Any CPU.ActiveCfg = Release|Any CPU
		{76E2CF48-8B03-4EFA-B5BE-6E14A4EFE6FA}.Release|Any CPU.Build.0 = Release|Any CPU
		{76E2CF48-8B03-4EFA-B5BE-6E14A4EFE6FA}.Release|Any CPU.Deploy.0 = Release|Any CPU
		{76E2CF48-8B03-4EFA-B5BE-6E14A4EFE6FA}.Release|iPhone.ActiveCfg = Release|Any CPU
		{76E2CF48-8B03-4EFA-B5BE-6E14A4EFE6FA}.Release|iPhone.Build.0 = Release|Any CPU
		{76E2CF48-8B03-4EFA-B5BE-6E14A4EFE6FA}.Release|iPhone.Deploy.0 = Release|Any CPU
		{76E2CF48-8B03-4EFA-B5BE-6E14A4EFE6FA}.Release|iPhoneSimulator.ActiveCfg = Release|Any CPU
		{76E2CF48-8B03-4EFA-B5BE-6E14A4EFE6FA}.Release|iPhoneSimulator.Build.0 = Release|Any CPU
		{76E2CF48-8B03-4EFA-B5BE-6E14A4EFE6FA}.Release|iPhoneSimulator.Deploy.0 = Release|Any CPU
		{4540911F-9F37-47AE-8C5E-2502BCD93BE9}.Ad-Hoc|Any CPU.ActiveCfg = Ad-Hoc|iPhone
		{4540911F-9F37-47AE-8C5E-2502BCD93BE9}.Ad-Hoc|Any CPU.Build.0 = Ad-Hoc|iPhone
		{4540911F-9F37-47AE-8C5E-2502BCD93BE9}.Ad-Hoc|Any CPU.Deploy.0 = Ad-Hoc|iPhone
		{4540911F-9F37-47AE-8C5E-2502BCD93BE9}.Ad-Hoc|iPhone.ActiveCfg = Ad-Hoc|iPhone
		{4540911F-9F37-47AE-8C5E-2502BCD93BE9}.Ad-Hoc|iPhone.Build.0 = Ad-Hoc|iPhone
		{4540911F-9F37-47AE-8C5E-2502BCD93BE9}.Ad-Hoc|iPhone.Deploy.0 = Ad-Hoc|iPhone
		{4540911F-9F37-47AE-8C5E-2502BCD93BE9}.Ad-Hoc|iPhoneSimulator.ActiveCfg = Ad-Hoc|iPhoneSimulator
		{4540911F-9F37-47AE-8C5E-2502BCD93BE9}.Ad-Hoc|iPhoneSimulator.Build.0 = Ad-Hoc|iPhoneSimulator
		{4540911F-9F37-47AE-8C5E-2502BCD93BE9}.Ad-Hoc|iPhoneSimulator.Deploy.0 = Ad-Hoc|iPhoneSimulator
		{4540911F-9F37-47AE-8C5E-2502BCD93BE9}.AppStore|Any CPU.ActiveCfg = AppStore|iPhone
		{4540911F-9F37-47AE-8C5E-2502BCD93BE9}.AppStore|Any CPU.Build.0 = AppStore|iPhone
		{4540911F-9F37-47AE-8C5E-2502BCD93BE9}.AppStore|Any CPU.Deploy.0 = AppStore|iPhone
		{4540911F-9F37-47AE-8C5E-2502BCD93BE9}.AppStore|iPhone.ActiveCfg = AppStore|iPhone
		{4540911F-9F37-47AE-8C5E-2502BCD93BE9}.AppStore|iPhone.Build.0 = AppStore|iPhone
		{4540911F-9F37-47AE-8C5E-2502BCD93BE9}.AppStore|iPhone.Deploy.0 = AppStore|iPhone
		{4540911F-9F37-47AE-8C5E-2502BCD93BE9}.AppStore|iPhoneSimulator.ActiveCfg = AppStore|iPhoneSimulator
		{4540911F-9F37-47AE-8C5E-2502BCD93BE9}.AppStore|iPhoneSimulator.Build.0 = AppStore|iPhoneSimulator
		{4540911F-9F37-47AE-8C5E-2502BCD93BE9}.AppStore|iPhoneSimulator.Deploy.0 = AppStore|iPhoneSimulator
		{4540911F-9F37-47AE-8C5E-2502BCD93BE9}.Debug|Any CPU.ActiveCfg = Debug|iPhoneSimulator
		{4540911F-9F37-47AE-8C5E-2502BCD93BE9}.Debug|Any CPU.Build.0 = Debug|iPhoneSimulator
		{4540911F-9F37-47AE-8C5E-2502BCD93BE9}.Debug|Any CPU.Deploy.0 = Debug|iPhoneSimulator
		{4540911F-9F37-47AE-8C5E-2502BCD93BE9}.Debug|iPhone.ActiveCfg = Debug|iPhone
		{4540911F-9F37-47AE-8C5E-2502BCD93BE9}.Debug|iPhone.Build.0 = Debug|iPhone
		{4540911F-9F37-47AE-8C5E-2502BCD93BE9}.Debug|iPhone.Deploy.0 = Debug|iPhone
		{4540911F-9F37-47AE-8C5E-2502BCD93BE9}.Debug|iPhoneSimulator.ActiveCfg = Debug|iPhoneSimulator
		{4540911F-9F37-47AE-8C5E-2502BCD93BE9}.Debug|iPhoneSimulator.Build.0 = Debug|iPhoneSimulator
		{4540911F-9F37-47AE-8C5E-2502BCD93BE9}.Debug|iPhoneSimulator.Deploy.0 = Debug|iPhoneSimulator
		{4540911F-9F37-47AE-8C5E-2502BCD93BE9}.Release|Any CPU.ActiveCfg = Release|iPhone
		{4540911F-9F37-47AE-8C5E-2502BCD93BE9}.Release|Any CPU.Build.0 = Release|iPhone
		{4540911F-9F37-47AE-8C5E-2502BCD93BE9}.Release|Any CPU.Deploy.0 = Release|iPhone
		{4540911F-9F37-47AE-8C5E-2502BCD93BE9}.Release|iPhone.ActiveCfg = Release|iPhone
		{4540911F-9F37-47AE-8C5E-2502BCD93BE9}.Release|iPhone.Build.0 = Release|iPhone
		{4540911F-9F37-47AE-8C5E-2502BCD93BE9}.Release|iPhone.Deploy.0 = Release|iPhone
		{4540911F-9F37-47AE-8C5E-2502BCD93BE9}.Release|iPhoneSimulator.ActiveCfg = Release|iPhoneSimulator
		{4540911F-9F37-47AE-8C5E-2502BCD93BE9}.Release|iPhoneSimulator.Build.0 = Release|iPhoneSimulator
		{4540911F-9F37-47AE-8C5E-2502BCD93BE9}.Release|iPhoneSimulator.Deploy.0 = Release|iPhoneSimulator
		{308D5F2D-3946-4394-854C-617736266DCF}.Ad-Hoc|Any CPU.ActiveCfg = Debug|Any CPU
		{308D5F2D-3946-4394-854C-617736266DCF}.Ad-Hoc|Any CPU.Build.0 = Debug|Any CPU
		{308D5F2D-3946-4394-854C-617736266DCF}.Ad-Hoc|Any CPU.Deploy.0 = Debug|Any CPU
		{308D5F2D-3946-4394-854C-617736266DCF}.Ad-Hoc|iPhone.ActiveCfg = Debug|Any CPU
		{308D5F2D-3946-4394-854C-617736266DCF}.Ad-Hoc|iPhone.Build.0 = Debug|Any CPU
		{308D5F2D-3946-4394-854C-617736266DCF}.Ad-Hoc|iPhone.Deploy.0 = Debug|Any CPU
		{308D5F2D-3946-4394-854C-617736266DCF}.Ad-Hoc|iPhoneSimulator.ActiveCfg = Debug|Any CPU
		{308D5F2D-3946-4394-854C-617736266DCF}.Ad-Hoc|iPhoneSimulator.Build.0 = Debug|Any CPU
		{308D5F2D-3946-4394-854C-617736266DCF}.Ad-Hoc|iPhoneSimulator.Deploy.0 = Debug|Any CPU
		{308D5F2D-3946-4394-854C-617736266DCF}.AppStore|Any CPU.ActiveCfg = Debug|Any CPU
		{308D5F2D-3946-4394-854C-617736266DCF}.AppStore|Any CPU.Build.0 = Debug|Any CPU
		{308D5F2D-3946-4394-854C-617736266DCF}.AppStore|Any CPU.Deploy.0 = Debug|Any CPU
		{308D5F2D-3946-4394-854C-617736266DCF}.AppStore|iPhone.ActiveCfg = Debug|Any CPU
		{308D5F2D-3946-4394-854C-617736266DCF}.AppStore|iPhone.Build.0 = Debug|Any CPU
		{308D5F2D-3946-4394-854C-617736266DCF}.AppStore|iPhone.Deploy.0 = Debug|Any CPU
		{308D5F2D-3946-4394-854C-617736266DCF}.AppStore|iPhoneSimulator.ActiveCfg = Debug|Any CPU
		{308D5F2D-3946-4394-854C-617736266DCF}.AppStore|iPhoneSimulator.Build.0 = Debug|Any CPU
		{308D5F2D-3946-4394-854C-617736266DCF}.AppStore|iPhoneSimulator.Deploy.0 = Debug|Any CPU
		{308D5F2D-3946-4394-854C-617736266DCF}.Debug|Any CPU.ActiveCfg = Debug|Any CPU
		{308D5F2D-3946-4394-854C-617736266DCF}.Debug|Any CPU.Build.0 = Debug|Any CPU
		{308D5F2D-3946-4394-854C-617736266DCF}.Debug|Any CPU.Deploy.0 = Debug|Any CPU
		{308D5F2D-3946-4394-854C-617736266DCF}.Debug|iPhone.ActiveCfg = Debug|Any CPU
		{308D5F2D-3946-4394-854C-617736266DCF}.Debug|iPhone.Build.0 = Debug|Any CPU
		{308D5F2D-3946-4394-854C-617736266DCF}.Debug|iPhone.Deploy.0 = Debug|Any CPU
		{308D5F2D-3946-4394-854C-617736266DCF}.Debug|iPhoneSimulator.ActiveCfg = Debug|Any CPU
		{308D5F2D-3946-4394-854C-617736266DCF}.Debug|iPhoneSimulator.Build.0 = Debug|Any CPU
		{308D5F2D-3946-4394-854C-617736266DCF}.Debug|iPhoneSimulator.Deploy.0 = Debug|Any CPU
		{308D5F2D-3946-4394-854C-617736266DCF}.Release|Any CPU.ActiveCfg = Release|Any CPU
		{308D5F2D-3946-4394-854C-617736266DCF}.Release|Any CPU.Build.0 = Release|Any CPU
		{308D5F2D-3946-4394-854C-617736266DCF}.Release|Any CPU.Deploy.0 = Release|Any CPU
		{308D5F2D-3946-4394-854C-617736266DCF}.Release|iPhone.ActiveCfg = Release|Any CPU
		{308D5F2D-3946-4394-854C-617736266DCF}.Release|iPhone.Build.0 = Release|Any CPU
		{308D5F2D-3946-4394-854C-617736266DCF}.Release|iPhone.Deploy.0 = Release|Any CPU
		{308D5F2D-3946-4394-854C-617736266DCF}.Release|iPhoneSimulator.ActiveCfg = Release|Any CPU
		{308D5F2D-3946-4394-854C-617736266DCF}.Release|iPhoneSimulator.Build.0 = Release|Any CPU
		{308D5F2D-3946-4394-854C-617736266DCF}.Release|iPhoneSimulator.Deploy.0 = Release|Any CPU
	EndGlobalSection
	GlobalSection(SolutionProperties) = preSolution
		HideSolutionNode = FALSE
	EndGlobalSection
	GlobalSection(ExtensibilityGlobals) = postSolution
		SolutionGuid = {9EA70C3E-A5B5-48B2-806B-D03B3A67F9D1}
	EndGlobalSection
EndGlobal
